
Microsoft Visual Studio Solution File, Format Version 12.00
# Visual Studio Version 17
VisualStudioVersion = 17.8.34525.116
MinimumVisualStudioVersion = 10.0.40219.1
Project("{FAE04EC0-301F-11D3-BF4B-00C04F79EFBC}") = "Orange_task", "Orange_task.csproj", "{401654B8-A2C6-45FD-8007-0375E58517D5}"
EndProject
Global
	GlobalSection(SolutionConfigurationPlatforms) = preSolution
		Debug|Any CPU = Debug|Any CPU
		Release|Any CPU = Release|Any CPU
	EndGlobalSection
	GlobalSection(ProjectConfigurationPlatforms) = postSolution
		{401654B8-A2C6-45FD-8007-0375E58517D5}.Debug|Any CPU.ActiveCfg = Debug|Any CPU
		{401654B8-A2C6-45FD-8007-0375E58517D5}.Debug|Any CPU.Build.0 = Debug|Any CPU
		{401654B8-A2C6-45FD-8007-0375E58517D5}.Release|Any CPU.ActiveCfg = Release|Any CPU
		{401654B8-A2C6-45FD-8007-0375E58517D5}.Release|Any CPU.Build.0 = Release|Any CPU
	EndGlobalSection
	GlobalSection(SolutionProperties) = preSolution
		HideSolutionNode = FALSE
	EndGlobalSection
	GlobalSection(ExtensibilityGlobals) = postSolution
		SolutionGuid = {E31385D7-C5AA-4EA3-920C-0C4F7C063C77}
	EndGlobalSection
EndGlobal
